PODS:
  - Alamofire (3.1.5)
  - AlamofireImage (2.3.0):
    - Alamofire (~> 3.1)
  - BFRadialWaveHUD (1.5.4):
    - BFRadialWaveView (~> 1.4.6)
    - UIColor+BFPaperColors
  - BFRadialWaveView (1.4.6):
    - UIColor+BFPaperColors
  - DGElasticPullToRefresh (1.0.3)
  - EZLoadingActivity (0.8)
  - UIColor+BFPaperColors (1.7.2)

DEPENDENCIES:
  - Alamofire (~> 3.0)
  - AlamofireImage (~> 2.0)
  - BFRadialWaveHUD
  - DGElasticPullToRefresh
  - EZLoadingActivity

SPEC CHECKSUMS:
  Alamofire: 5f730ba29fd113b7ddd71c1e65d0c630acf5d7b0
  AlamofireImage: 4013fb5b99b10117bf2554a67b9bd2231d476b45
  BFRadialWaveHUD: 11a42d0c73a96f055ca3b82ec69817b8d2554849
  BFRadialWaveView: dcf3f2b07b3993e6e748fd3489e490d94c1052a8
  DGElasticPullToRefresh: 040f39ae69840b3261d163fe6735c5901bf851e9
  EZLoadingActivity: 6fd75a05765a4085f4b6fef6f62edf9f144b3139
  UIColor+BFPaperColors: 03101fe6c10ed00c6daae7c26553f1de41500853

COCOAPODS: 0.39.0
