// !$*UTF8*$!
{
	archiveVersion = 1;
	classes = {
	};
	objectVersion = 46;
	objects = {

/* Begin PBXBuildFile section */
		65A23B60FB590518D74F3B5B /* Pods.framework in Frameworks */ = {isa = PBXBuildFile; fileRef = C208C2D14261D7223EAECEBD /* Pods.framework */; };
		8259ACC91C61C2B700C4B37C /* DetailViewController.swift in Sources */ = {isa = PBXBuildFile; fileRef = 8259ACC81C61C2B700C4B37C /* DetailViewController.swift */; };
		826CADB61C614E5200B6541E /* AppDelegate.swift in Sources */ = {isa = PBXBuildFile; fileRef = 826CADB51C614E5200B6541E /* AppDelegate.swift */; };
		826CADBB1C614E5200B6541E /* Main.storyboard in Resources */ = {isa = PBXBuildFile; fileRef = 826CADB91C614E5200B6541E /* Main.storyboard */; };
		826CADBD1C614E5200B6541E /* Assets.xcassets in Resources */ = {isa = PBXBuildFile; fileRef = 826CADBC1C614E5200B6541E /* Assets.xcassets */; };
		826CADC01C614E5200B6541E /* LaunchScreen.storyboard in Resources */ = {isa = PBXBuildFile; fileRef = 826CADBE1C614E5200B6541E /* LaunchScreen.storyboard */; };
		826CADCB1C614E5200B6541E /* TomatoesTests.swift in Sources */ = {isa = PBXBuildFile; fileRef = 826CADCA1C614E5200B6541E /* TomatoesTests.swift */; };
		826CADD61C614E5200B6541E /* TomatoesUITests.swift in Sources */ = {isa = PBXBuildFile; fileRef = 826CADD51C614E5200B6541E /* TomatoesUITests.swift */; };
		826CADE41C614EEF00B6541E /* MoviesViewController.swift in Sources */ = {isa = PBXBuildFile; fileRef = 826CADE31C614EEF00B6541E /* MoviesViewController.swift */; };
		82D18D0C1C61B8190006F8E4 /* MovieCell.swift in Sources */ = {isa = PBXBuildFile; fileRef = 82D18D0B1C61B8190006F8E4 /* MovieCell.swift */; };
		82E375911C669918009F309B /* colors.swift in Sources */ = {isa = PBXBuildFile; fileRef = 82E375901C669918009F309B /* colors.swift */; };
/* End PBXBuildFile section */

/* Begin PBXContainerItemProxy section */
		826CADC71C614E5200B6541E /* PBXContainerItemProxy */ = {
			isa = PBXContainerItemProxy;
			containerPortal = 826CADAA1C614E5200B6541E /* Project object */;
			proxyType = 1;
			remoteGlobalIDString = 826CADB11C614E5200B6541E;
			remoteInfo = Tomatoes;
		};
		826CADD21C614E5200B6541E /* PBXContainerItemProxy */ = {
			isa = PBXContainerItemProxy;
			containerPortal = 826CADAA1C614E5200B6541E /* Project object */;
			proxyType = 1;
			remoteGlobalIDString = 826CADB11C614E5200B6541E;
			remoteInfo = Tomatoes;
		};
/* End PBXContainerItemProxy section */

/* Begin PBXFileReference section */
		075DA1615720E56047ABB9EF /* Pods.release.xcconfig */ = {isa = PBXFileReference; includeInIndex = 1; lastKnownFileType = text.xcconfig; name = Pods.release.xcconfig; path = "Pods/Target Support Files/Pods/Pods.release.xcconfig"; sourceTree = "<group>"; };
		4A0F1B37F63A40EB36BB4ECC /* Pods.debug.xcconfig */ = {isa = PBXFileReference; includeInIndex = 1; lastKnownFileType = text.xcconfig; name = Pods.debug.xcconfig; path = "Pods/Target Support Files/Pods/Pods.debug.xcconfig"; sourceTree = "<group>"; };
		8259ACC81C61C2B700C4B37C /* DetailViewController.swift */ = {isa = PBXFileReference; fileEncoding = 4; lastKnownFileType = sourcecode.swift; path = DetailViewController.swift; sourceTree = "<group>"; };
		826CADB21C614E5200B6541E /* Tomatoes.app */ = {isa = PBXFileReference; explicitFileType = wrapper.application; includeInIndex = 0; path = Tomatoes.app; sourceTree = BUILT_PRODUCTS_DIR; };
		826CADB51C614E5200B6541E /* AppDelegate.swift */ = {isa = PBXFileReference; lastKnownFileType = sourcecode.swift; path = AppDelegate.swift; sourceTree = "<group>"; };
		826CADBA1C614E5200B6541E /* Base */ = {isa = PBXFileReference; lastKnownFileType = file.storyboard; name = Base; path = Base.lproj/Main.storyboard; sourceTree = "<group>"; };
		826CADBC1C614E5200B6541E /* Assets.xcassets */ = {isa = PBXFileReference; lastKnownFileType = folder.assetcatalog; path = Assets.xcassets; sourceTree = "<group>"; };
		826CADBF1C614E5200B6541E /* Base */ = {isa = PBXFileReference; lastKnownFileType = file.storyboard; name = Base; path = Base.lproj/LaunchScreen.storyboard; sourceTree = "<group>"; };
		826CADC11C614E5200B6541E /* Info.plist */ = {isa = PBXFileReference; lastKnownFileType = text.plist.xml; path = Info.plist; sourceTree = "<group>"; };
		826CADC61C614E5200B6541E /* TomatoesTests.xctest */ = {isa = PBXFileReference; explicitFileType = wrapper.cfbundle; includeInIndex = 0; path = TomatoesTests.xctest; sourceTree = BUILT_PRODUCTS_DIR; };
		826CADCA1C614E5200B6541E /* TomatoesTests.swift */ = {isa = PBXFileReference; lastKnownFileType = sourcecode.swift; path = TomatoesTests.swift; sourceTree = "<group>"; };
		826CADCC1C614E5200B6541E /* Info.plist */ = {isa = PBXFileReference; lastKnownFileType = text.plist.xml; path = Info.plist; sourceTree = "<group>"; };
		826CADD11C614E5200B6541E /* TomatoesUITests.xctest */ = {isa = PBXFileReference; explicitFileType = wrapper.cfbundle; includeInIndex = 0; path = TomatoesUITests.xctest; sourceTree = BUILT_PRODUCTS_DIR; };
		826CADD51C614E5200B6541E /* TomatoesUITests.swift */ = {isa = PBXFileReference; lastKnownFileType = sourcecode.swift; path = TomatoesUITests.swift; sourceTree = "<group>"; };
		826CADD71C614E5200B6541E /* Info.plist */ = {isa = PBXFileReference; lastKnownFileType = text.plist.xml; path = Info.plist; sourceTree = "<group>"; };
		826CADE31C614EEF00B6541E /* MoviesViewController.swift */ = {isa = PBXFileReference; fileEncoding = 4; lastKnownFileType = sourcecode.swift; path = MoviesViewController.swift; sourceTree = "<group>"; };
		82D18D0B1C61B8190006F8E4 /* MovieCell.swift */ = {isa = PBXFileReference; fileEncoding = 4; lastKnownFileType = sourcecode.swift; path = MovieCell.swift; sourceTree = "<group>"; };
		82E375901C669918009F309B /* colors.swift */ = {isa = PBXFileReference; fileEncoding = 4; lastKnownFileType = sourcecode.swift; path = colors.swift; sourceTree = "<group>"; };
		C208C2D14261D7223EAECEBD /* Pods.framework */ = {isa = PBXFileReference; explicitFileType = wrapper.framework; includeInIndex = 0; path = Pods.framework; sourceTree = BUILT_PRODUCTS_DIR; };
/* End PBXFileReference section */

/* Begin PBXFrameworksBuildPhase section */
		826CADAF1C614E5200B6541E /* Frameworks */ = {
			isa = PBXFrameworksBuildPhase;
			buildActionMask = 2147483647;
			files = (
				65A23B60FB590518D74F3B5B /* Pods.framework in Frameworks */,
			);
			runOnlyForDeploymentPostprocessing = 0;
		};
		826CADC31C614E5200B6541E /* Frameworks */ = {
			isa = PBXFrameworksBuildPhase;
			buildActionMask = 2147483647;
			files = (
			);
			runOnlyForDeploymentPostprocessing = 0;
		};
		826CADCE1C614E5200B6541E /* Frameworks */ = {
			isa = PBXFrameworksBuildPhase;
			buildActionMask = 2147483647;
			files = (
			);
			runOnlyForDeploymentPostprocessing = 0;
		};
/* End PBXFrameworksBuildPhase section */

/* Begin PBXGroup section */
		826CADA91C614E5200B6541E = {
			isa = PBXGroup;
			children = (
				826CADB41C614E5200B6541E /* Tomatoes */,
				826CADC91C614E5200B6541E /* TomatoesTests */,
				826CADD41C614E5200B6541E /* TomatoesUITests */,
				826CADB31C614E5200B6541E /* Products */,
				FBE56605CA400D7A4113C1D6 /* Pods */,
				F0559BDBF4A805A98F5BF231 /* Frameworks */,
			);
			sourceTree = "<group>";
		};
		826CADB31C614E5200B6541E /* Products */ = {
			isa = PBXGroup;
			children = (
				826CADB21C614E5200B6541E /* Tomatoes.app */,
				826CADC61C614E5200B6541E /* TomatoesTests.xctest */,
				826CADD11C614E5200B6541E /* TomatoesUITests.xctest */,
			);
			name = Products;
			sourceTree = "<group>";
		};
		826CADB41C614E5200B6541E /* Tomatoes */ = {
			isa = PBXGroup;
			children = (
				82D18D0D1C61B8290006F8E4 /* ViewControllers */,
				82D18D0A1C61B7DE0006F8E4 /* Views */,
				826CADB51C614E5200B6541E /* AppDelegate.swift */,
				826CADB91C614E5200B6541E /* Main.storyboard */,
				826CADBC1C614E5200B6541E /* Assets.xcassets */,
				826CADBE1C614E5200B6541E /* LaunchScreen.storyboard */,
				826CADC11C614E5200B6541E /* Info.plist */,
				82E375901C669918009F309B /* colors.swift */,
			);
			path = Tomatoes;
			sourceTree = "<group>";
		};
		826CADC91C614E5200B6541E /* TomatoesTests */ = {
			isa = PBXGroup;
			children = (
				826CADCA1C614E5200B6541E /* TomatoesTests.swift */,
				826CADCC1C614E5200B6541E /* Info.plist */,
			);
			path = TomatoesTests;
			sourceTree = "<group>";
		};
		826CADD41C614E5200B6541E /* TomatoesUITests */ = {
			isa = PBXGroup;
			children = (
				826CADD51C614E5200B6541E /* TomatoesUITests.swift */,
				826CADD71C614E5200B6541E /* Info.plist */,
			);
			path = TomatoesUITests;
			sourceTree = "<group>";
		};
		82D18D0A1C61B7DE0006F8E4 /* Views */ = {
			isa = PBXGroup;
			children = (
				82D18D0B1C61B8190006F8E4 /* MovieCell.swift */,
			);
			name = Views;
			sourceTree = "<group>";
		};
		82D18D0D1C61B8290006F8E4 /* ViewControllers */ = {
			isa = PBXGroup;
			children = (
				826CADE31C614EEF00B6541E /* MoviesViewController.swift */,
				8259ACC81C61C2B700C4B37C /* DetailViewController.swift */,
			);
			name = ViewControllers;
			sourceTree = "<group>";
		};
		F0559BDBF4A805A98F5BF231 /* Frameworks */ = {
			isa = PBXGroup;
			children = (
				C208C2D14261D7223EAECEBD /* Pods.framework */,
			);
			name = Frameworks;
			sourceTree = "<group>";
		};
		FBE56605CA400D7A4113C1D6 /* Pods */ = {
			isa = PBXGroup;
			children = (
				4A0F1B37F63A40EB36BB4ECC /* Pods.debug.xcconfig */,
				075DA1615720E56047ABB9EF /* Pods.release.xcconfig */,
			);
			name = Pods;
			sourceTree = "<group>";
		};
/* End PBXGroup section */

/* Begin PBXNativeTarget section */
		826CADB11C614E5200B6541E /* Tomatoes */ = {
			isa = PBXNativeTarget;
			buildConfigurationList = 826CADDA1C614E5200B6541E /* Build configuration list for PBXNativeTarget "Tomatoes" */;
			buildPhases = (
				C704EEFD3A2C87D189DA3D2F /* Check Pods Manifest.lock */,
				826CADAE1C614E5200B6541E /* Sources */,
				826CADAF1C614E5200B6541E /* Frameworks */,
				826CADB01C614E5200B6541E /* Resources */,
				15F3B42D5922085451E70857 /* Embed Pods Frameworks */,
				A676AAD7F59EFB878DAC6F23 /* Copy Pods Resources */,
			);
			buildRules = (
			);
			dependencies = (
			);
			name = Tomatoes;
			productName = Tomatoes;
			productReference = 826CADB21C614E5200B6541E /* Tomatoes.app */;
			productType = "com.apple.product-type.application";
		};
		826CADC51C614E5200B6541E /* TomatoesTests */ = {
			isa = PBXNativeTarget;
			buildConfigurationList = 826CADDD1C614E5200B6541E /* Build configuration list for PBXNativeTarget "TomatoesTests" */;
			buildPhases = (
				826CADC21C614E5200B6541E /* Sources */,
				826CADC31C614E5200B6541E /* Frameworks */,
				826CADC41C614E5200B6541E /* Resources */,
			);
			buildRules = (
			);
			dependencies = (
				826CADC81C614E5200B6541E /* PBXTargetDependency */,
			);
			name = TomatoesTests;
			productName = TomatoesTests;
			productReference = 826CADC61C614E5200B6541E /* TomatoesTests.xctest */;
			productType = "com.apple.product-type.bundle.unit-test";
		};
		826CADD01C614E5200B6541E /* TomatoesUITests */ = {
			isa = PBXNativeTarget;
			buildConfigurationList = 826CADE01C614E5200B6541E /* Build configuration list for PBXNativeTarget "TomatoesUITests" */;
			buildPhases = (
				826CADCD1C614E5200B6541E /* Sources */,
				826CADCE1C614E5200B6541E /* Frameworks */,
				826CADCF1C614E5200B6541E /* Resources */,
			);
			buildRules = (
			);
			dependencies = (
				826CADD31C614E5200B6541E /* PBXTargetDependency */,
			);
			name = TomatoesUITests;
			productName = TomatoesUITests;
			productReference = 826CADD11C614E5200B6541E /* TomatoesUITests.xctest */;
			productType = "com.apple.product-type.bundle.ui-testing";
		};
/* End PBXNativeTarget section */

/* Begin PBXProject section */
		826CADAA1C614E5200B6541E /* Project object */ = {
			isa = PBXProject;
			attributes = {
				LastSwiftUpdateCheck = 0720;
				LastUpgradeCheck = 0720;
				ORGANIZATIONNAME = nottombrown;
				TargetAttributes = {
					826CADB11C614E5200B6541E = {
						CreatedOnToolsVersion = 7.2;
					};
					826CADC51C614E5200B6541E = {
						CreatedOnToolsVersion = 7.2;
						TestTargetID = 826CADB11C614E5200B6541E;
					};
					826CADD01C614E5200B6541E = {
						CreatedOnToolsVersion = 7.2;
						TestTargetID = 826CADB11C614E5200B6541E;
					};
				};
			};
			buildConfigurationList = 826CADAD1C614E5200B6541E /* Build configuration list for PBXProject "Tomatoes" */;
			compatibilityVersion = "Xcode 3.2";
			developmentRegion = English;
			hasScannedForEncodings = 0;
			knownRegions = (
				en,
				Base,
			);
			mainGroup = 826CADA91C614E5200B6541E;
			productRefGroup = 826CADB31C614E5200B6541E /* Products */;
			projectDirPath = "";
			projectRoot = "";
			targets = (
				826CADB11C614E5200B6541E /* Tomatoes */,
				826CADC51C614E5200B6541E /* TomatoesTests */,
				826CADD01C614E5200B6541E /* TomatoesUITests */,
			);
		};
/* End PBXProject section */

/* Begin PBXResourcesBuildPhase section */
		826CADB01C614E5200B6541E /* Resources */ = {
			isa = PBXResourcesBuildPhase;
			buildActionMask = 2147483647;
			files = (
				826CADC01C614E5200B6541E /* LaunchScreen.storyboard in Resources */,
				826CADBD1C614E5200B6541E /* Assets.xcassets in Resources */,
				826CADBB1C614E5200B6541E /* Main.storyboard in Resources */,
			);
			runOnlyForDeploymentPostprocessing = 0;
		};
		826CADC41C614E5200B6541E /* Resources */ = {
			isa = PBXResourcesBuildPhase;
			buildActionMask = 2147483647;
			files = (
			);
			runOnlyForDeploymentPostprocessing = 0;
		};
		826CADCF1C614E5200B6541E /* Resources */ = {
			isa = PBXResourcesBuildPhase;
			buildActionMask = 2147483647;
			files = (
			);
			runOnlyForDeploymentPostprocessing = 0;
		};
/* End PBXResourcesBuildPhase section */

/* Begin PBXShellScriptBuildPhase section */
		15F3B42D5922085451E70857 /* Embed Pods Frameworks */ = {
			isa = PBXShellScriptBuildPhase;
			buildActionMask = 2147483647;
			files = (
			);
			inputPaths = (
			);
			name = "Embed Pods Frameworks";
			outputPaths = (
			);
			runOnlyForDeploymentPostprocessing = 0;
			shellPath = /bin/sh;
			shellScript = "\"${SRCROOT}/Pods/Target Support Files/Pods/Pods-frameworks.sh\"\n";
			showEnvVarsInLog = 0;
		};
		A676AAD7F59EFB878DAC6F23 /* Copy Pods Resources */ = {
			isa = PBXShellScriptBuildPhase;
			buildActionMask = 2147483647;
			files = (
			);
			inputPaths = (
			);
			name = "Copy Pods Resources";
			outputPaths = (
			);
			runOnlyForDeploymentPostprocessing = 0;
			shellPath = /bin/sh;
			shellScript = "\"${SRCROOT}/Pods/Target Support Files/Pods/Pods-resources.sh\"\n";
			showEnvVarsInLog = 0;
		};
		C704EEFD3A2C87D189DA3D2F /* Check Pods Manifest.lock */ = {
			isa = PBXShellScriptBuildPhase;
			buildActionMask = 2147483647;
			files = (
			);
			inputPaths = (
			);
			name = "Check Pods Manifest.lock";
			outputPaths = (
			);
			runOnlyForDeploymentPostprocessing = 0;
			shellPath = /bin/sh;
			shellScript = "diff \"${PODS_ROOT}/../Podfile.lock\" \"${PODS_ROOT}/Manifest.lock\" > /dev/null\nif [[ $? != 0 ]] ; then\n    cat << EOM\nerror: The sandbox is not in sync with the Podfile.lock. Run 'pod install' or update your CocoaPods installation.\nEOM\n    exit 1\nfi\n";
			showEnvVarsInLog = 0;
		};
/* End PBXShellScriptBuildPhase section */

/* Begin PBXSourcesBuildPhase section */
		826CADAE1C614E5200B6541E /* Sources */ = {
			isa = PBXSourcesBuildPhase;
			buildActionMask = 2147483647;
			files = (
				826CADB61C614E5200B6541E /* AppDelegate.swift in Sources */,
				82E375911C669918009F309B /* colors.swift in Sources */,
				826CADE41C614EEF00B6541E /* MoviesViewController.swift in Sources */,
				82D18D0C1C61B8190006F8E4 /* MovieCell.swift in Sources */,
				8259ACC91C61C2B700C4B37C /* DetailViewController.swift in Sources */,
			);
			runOnlyForDeploymentPostprocessing = 0;
		};
		826CADC21C614E5200B6541E /* Sources */ = {
			isa = PBXSourcesBuildPhase;
			buildActionMask = 2147483647;
			files = (
				826CADCB1C614E5200B6541E /* TomatoesTests.swift in Sources */,
			);
			runOnlyForDeploymentPostprocessing = 0;
		};
		826CADCD1C614E5200B6541E /* Sources */ = {
			isa = PBXSourcesBuildPhase;
			buildActionMask = 2147483647;
			files = (
				826CADD61C614E5200B6541E /* TomatoesUITests.swift in Sources */,
			);
			runOnlyForDeploymentPostprocessing = 0;
		};
/* End PBXSourcesBuildPhase section */

/* Begin PBXTargetDependency section */
		826CADC81C614E5200B6541E /* PBXTargetDependency */ = {
			isa = PBXTargetDependency;
			target = 826CADB11C614E5200B6541E /* Tomatoes */;
			targetProxy = 826CADC71C614E5200B6541E /* PBXContainerItemProxy */;
		};
		826CADD31C614E5200B6541E /* PBXTargetDependency */ = {
			isa = PBXTargetDependency;
			target = 826CADB11C614E5200B6541E /* Tomatoes */;
			targetProxy = 826CADD21C614E5200B6541E /* PBXContainerItemProxy */;
		};
/* End PBXTargetDependency section */

/* Begin PBXVariantGroup section */
		826CADB91C614E5200B6541E /* Main.storyboard */ = {
			isa = PBXVariantGroup;
			children = (
				826CADBA1C614E5200B6541E /* Base */,
			);
			name = Main.storyboard;
			sourceTree = "<group>";
		};
		826CADBE1C614E5200B6541E /* LaunchScreen.storyboard */ = {
			isa = PBXVariantGroup;
			children = (
				826CADBF1C614E5200B6541E /* Base */,
			);
			name = LaunchScreen.storyboard;
			sourceTree = "<group>";
		};
/* End PBXVariantGroup section */

/* Begin XCBuildConfiguration section */
		826CADD81C614E5200B6541E /* Debug */ = {
			isa = XCBuildConfiguration;
			buildSettings = {
				ALWAYS_SEARCH_USER_PATHS = NO;
				CLANG_CXX_LANGUAGE_STANDARD = "gnu++0x";
				CLANG_CXX_LIBRARY = "libc++";
				CLANG_ENABLE_MODULES = YES;
				CLANG_ENABLE_OBJC_ARC = YES;
				CLANG_WARN_BOOL_CONVERSION = YES;
				CLANG_WARN_CONSTANT_CONVERSION = YES;
				CLANG_WARN_DIRECT_OBJC_ISA_USAGE = YES_ERROR;
				CLANG_WARN_EMPTY_BODY = YES;
				CLANG_WARN_ENUM_CONVERSION = YES;
				CLANG_WARN_INT_CONVERSION = YES;
				CLANG_WARN_OBJC_ROOT_CLASS = YES_ERROR;
				CLANG_WARN_UNREACHABLE_CODE = YES;
				CLANG_WARN__DUPLICATE_METHOD_MATCH = YES;
				"CODE_SIGN_IDENTITY[sdk=iphoneos*]" = "iPhone Developer";
				COPY_PHASE_STRIP = NO;
				DEBUG_INFORMATION_FORMAT = dwarf;
				ENABLE_STRICT_OBJC_MSGSEND = YES;
				ENABLE_TESTABILITY = YES;
				GCC_C_LANGUAGE_STANDARD = gnu99;
				GCC_DYNAMIC_NO_PIC = NO;
				GCC_NO_COMMON_BLOCKS = YES;
				GCC_OPTIMIZATION_LEVEL = 0;
				GCC_PREPROCESSOR_DEFINITIONS = (
					"DEBUG=1",
					"$(inherited)",
				);
				GCC_WARN_64_TO_32_BIT_CONVERSION = YES;
				GCC_WARN_ABOUT_RETURN_TYPE = YES_ERROR;
				GCC_WARN_UNDECLARED_SELECTOR = YES;
				GCC_WARN_UNINITIALIZED_AUTOS = YES_AGGRESSIVE;
				GCC_WARN_UNUSED_FUNCTION = YES;
				GCC_WARN_UNUSED_VARIABLE = YES;
				IPHONEOS_DEPLOYMENT_TARGET = 9.2;
				MTL_ENABLE_DEBUG_INFO = YES;
				ONLY_ACTIVE_ARCH = YES;
				SDKROOT = iphoneos;
				SWIFT_OPTIMIZATION_LEVEL = "-Onone";
			};
			name = Debug;
		};
		826CADD91C614E5200B6541E /* Release */ = {
			isa = XCBuildConfiguration;
			buildSettings = {
				ALWAYS_SEARCH_USER_PATHS = NO;
				CLANG_CXX_LANGUAGE_STANDARD = "gnu++0x";
				CLANG_CXX_LIBRARY = "libc++";
				CLANG_ENABLE_MODULES = YES;
				CLANG_ENABLE_OBJC_ARC = YES;
				CLANG_WARN_BOOL_CONVERSION = YES;
				CLANG_WARN_CONSTANT_CONVERSION = YES;
				CLANG_WARN_DIRECT_OBJC_ISA_USAGE = YES_ERROR;
				CLANG_WARN_EMPTY_BODY = YES;
				CLANG_WARN_ENUM_CONVERSION = YES;
				CLANG_WARN_INT_CONVERSION = YES;
				CLANG_WARN_OBJC_ROOT_CLASS = YES_ERROR;
				CLANG_WARN_UNREACHABLE_CODE = YES;
				CLANG_WARN__DUPLICATE_METHOD_MATCH = YES;
				"CODE_SIGN_IDENTITY[sdk=iphoneos*]" = "iPhone Developer";
				COPY_PHASE_STRIP = NO;
				DEBUG_INFORMATION_FORMAT = "dwarf-with-dsym";
				ENABLE_NS_ASSERTIONS = NO;
				ENABLE_STRICT_OBJC_MSGSEND = YES;
				GCC_C_LANGUAGE_STANDARD = gnu99;
				GCC_NO_COMMON_BLOCKS = YES;
				GCC_WARN_64_TO_32_BIT_CONVERSION = YES;
				GCC_WARN_ABOUT_RETURN_TYPE = YES_ERROR;
				GCC_WARN_UNDECLARED_SELECTOR = YES;
				GCC_WARN_UNINITIALIZED_AUTOS = YES_AGGRESSIVE;
				GCC_WARN_UNUSED_FUNCTION = YES;
				GCC_WARN_UNUSED_VARIABLE = YES;
				IPHONEOS_DEPLOYMENT_TARGET = 9.2;
				MTL_ENABLE_DEBUG_INFO = NO;
				SDKROOT = iphoneos;
				VALIDATE_PRODUCT = YES;
			};
			name = Release;
		};
		826CADDB1C614E5200B6541E /* Debug */ = {
			isa = XCBuildConfiguration;
			baseConfigurationReference = 4A0F1B37F63A40EB36BB4ECC /* Pods.debug.xcconfig */;
			buildSettings = {
				ASSETCATALOG_COMPILER_APPICON_NAME = AppIcon;
				INFOPLIST_FILE = Tomatoes/Info.plist;
				LD_RUNPATH_SEARCH_PATHS = "$(inherited) @executable_path/Frameworks";
				PRODUCT_BUNDLE_IDENTIFIER = com.nottombrown.Tomatoes;
				PRODUCT_NAME = "$(TARGET_NAME)";
			};
			name = Debug;
		};
		826CADDC1C614E5200B6541E /* Release */ = {
			isa = XCBuildConfiguration;
			baseConfigurationReference = 075DA1615720E56047ABB9EF /* Pods.release.xcconfig */;
			buildSettings = {
				ASSETCATALOG_COMPILER_APPICON_NAME = AppIcon;
				INFOPLIST_FILE = Tomatoes/Info.plist;
				LD_RUNPATH_SEARCH_PATHS = "$(inherited) @executable_path/Frameworks";
				PRODUCT_BUNDLE_IDENTIFIER = com.nottombrown.Tomatoes;
				PRODUCT_NAME = "$(TARGET_NAME)";
			};
			name = Release;
		};
		826CADDE1C614E5200B6541E /* Debug */ = {
			isa = XCBuildConfiguration;
			buildSettings = {
				BUNDLE_LOADER = "$(TEST_HOST)";
				INFOPLIST_FILE = TomatoesTests/Info.plist;
				LD_RUNPATH_SEARCH_PATHS = "$(inherited) @executable_path/Frameworks @loader_path/Frameworks";
				PRODUCT_BUNDLE_IDENTIFIER = com.nottombrown.TomatoesTests;
				PRODUCT_NAME = "$(TARGET_NAME)";
				TEST_HOST = "$(BUILT_PRODUCTS_DIR)/Tomatoes.app/Tomatoes";
			};
			name = Debug;
		};
		826CADDF1C614E5200B6541E /* Release */ = {
			isa = XCBuildConfiguration;
			buildSettings = {
				BUNDLE_LOADER = "$(TEST_HOST)";
				INFOPLIST_FILE = TomatoesTests/Info.plist;
				LD_RUNPATH_SEARCH_PATHS = "$(inherited) @executable_path/Frameworks @loader_path/Frameworks";
				PRODUCT_BUNDLE_IDENTIFIER = com.nottombrown.TomatoesTests;
				PRODUCT_NAME = "$(TARGET_NAME)";
				TEST_HOST = "$(BUILT_PRODUCTS_DIR)/Tomatoes.app/Tomatoes";
			};
			name = Release;
		};
		826CADE11C614E5200B6541E /* Debug */ = {
			isa = XCBuildConfiguration;
			buildSettings = {
				INFOPLIST_FILE = TomatoesUITests/Info.plist;
				LD_RUNPATH_SEARCH_PATHS = "$(inherited) @executable_path/Frameworks @loader_path/Frameworks";
				PRODUCT_BUNDLE_IDENTIFIER = com.nottombrown.TomatoesUITests;
				PRODUCT_NAME = "$(TARGET_NAME)";
				TEST_TARGET_NAME = Tomatoes;
				USES_XCTRUNNER = YES;
			};
			name = Debug;
		};
		826CADE21C614E5200B6541E /* Release */ = {
			isa = XCBuildConfiguration;
			buildSettings = {
				INFOPLIST_FILE = TomatoesUITests/Info.plist;
				LD_RUNPATH_SEARCH_PATHS = "$(inherited) @executable_path/Frameworks @loader_path/Frameworks";
				PRODUCT_BUNDLE_IDENTIFIER = com.nottombrown.TomatoesUITests;
				PRODUCT_NAME = "$(TARGET_NAME)";
				TEST_TARGET_NAME = Tomatoes;
				USES_XCTRUNNER = YES;
			};
			name = Release;
		};
/* End XCBuildConfiguration section */

/* Begin XCConfigurationList section */
		826CADAD1C614E5200B6541E /* Build configuration list for PBXProject "Tomatoes" */ = {
			isa = XCConfigurationList;
			buildConfigurations = (
				826CADD81C614E5200B6541E /* Debug */,
				826CADD91C614E5200B6541E /* Release */,
			);
			defaultConfigurationIsVisible = 0;
			defaultConfigurationName = Release;
		};
		826CADDA1C614E5200B6541E /* Build configuration list for PBXNativeTarget "Tomatoes" */ = {
			isa = XCConfigurationList;
			buildConfigurations = (
				826CADDB1C614E5200B6541E /* Debug */,
				826CADDC1C614E5200B6541E /* Release */,
			);
			defaultConfigurationIsVisible = 0;
			defaultConfigurationName = Release;
		};
		826CADDD1C614E5200B6541E /* Build configuration list for PBXNativeTarget "TomatoesTests" */ = {
			isa = XCConfigurationList;
			buildConfigurations = (
				826CADDE1C614E5200B6541E /* Debug */,
				826CADDF1C614E5200B6541E /* Release */,
			);
			defaultConfigurationIsVisible = 0;
			defaultConfigurationName = Release;
		};
		826CADE01C614E5200B6541E /* Build configuration list for PBXNativeTarget "TomatoesUITests" */ = {
			isa = XCConfigurationList;
			buildConfigurations = (
				826CADE11C614E5200B6541E /* Debug */,
				826CADE21C614E5200B6541E /* Release */,
			);
			defaultConfigurationIsVisible = 0;
			defaultConfigurationName = Release;
		};
/* End XCConfigurationList section */
	};
	rootObject = 826CADAA1C614E5200B6541E /* Project object */;
}
